github.com/davecgh/go-spew v1.1.1 h1:vj9j/u1bqnvCEfJOwUhtlOARqs3+rkHYY13jYWTU97c=
github.com/davecgh/go-spew v1.1.1/go.mod h1:J7Y8YcW2NihsgmVo/mv3lAwl/skON4iLHjSsI+c5H38=
github.com/mattn/go-colorable v0.1.14 h1:9A9LHSqF/7dyVVX6g0U9cwm9pG3kP9gSzcuIPHPsaIE=
github.com/mattn/go-colorable v0.1.14/go.mod h1:6LmQG8QLFO4G5z1gPvYEzlUgJ2wF+stgPZH1UqBm1s8=
github.com/mattn/go-isatty v0.0.20 h1:xfD0iDuEKnDkl03q4limB+vH+GxLEtL/jb4xVJSWWEY=
github.com/mattn/go-isatty v0.0.20/go.mod h1:W+V8PltTTMOvKvAeJH7IuucS94S2C6jfK/D7dTCTo3Y=
github.com/nmiyake/pkg/dirs v1.1.0 h1:qyTzK3bTqAJfekQcU6vlydM/YRxhHsv6MiRFEwTkJcw=
github.com/nmiyake/pkg/dirs v1.1.0/go.mod h1:lGSUDZPexhLt+aWYfPHXsqnt+HFr2l/+lbEMWUhdZ/U=
github.com/openzipkin/zipkin-go v0.4.3 h1:9EGwpqkgnwdEIJ+Od7QVSEIH+ocmm5nPat0G7sjsSdg=
github.com/openzipkin/zipkin-go v0.4.3/go.mod h1:M9wCJZFWCo2RiY+o1eBCEMe0Dp2S5LDHcMZmk3RmK7c=
github.com/palantir/pkg v1.1.0 h1:0EhrSUP8oeeh3MUvk7V/UU7WmsN1UiJNTvNj0sN9Cpo=
github.com/palantir/pkg v1.1.0/go.mod h1:KC9srP/9ssWRxBxFCIqhUGC4Jt7OJkWRz0Iqehup1/c=
github.com/palantir/pkg/datetime v1.4.0 h1:yh1j4WZVtHpvK+IsRVuQKbKgJSg7RLRhxmG8QAXPysI=
github.com/palantir/pkg/datetime v1.4.0/go.mod h1:SfUHKWRJRCynkm9SiW86W3iDtkf7mvBDlEJyLg4ayvM=
github.com/palantir/pkg/objmatcher v1.2.0 h1:cR0IX2NXAhR1hRFBFUwA7y/+m4CtpXUCm5tabqdvS6I=
github.com/palantir/pkg/objmatcher v1.2.0/go.mod h1:ekDpUDezSoBcD47CUWo9xbYTGycIkiM2ODvxHCUR+lQ=
github.com/palantir/pkg/rid v1.2.0 h1:sEdklNKk4hrDm0JsUyICYakbc+16GrC6pYxMFjfqXkE=
github.com/palantir/pkg/rid v1.2.0/go.mod h1:W+w31R+a/6RzShEybZfbu86sOMcg+hR2h/KmoSDu2kQ=
github.com/palantir/pkg/safejson v1.2.0 h1:mNARH/UdpeDjHSUujUYXSqe4Rclul53xle2CLm6UG34=
github.com/palantir/pkg/safejson v1.2.0/go.mod h1:Pmxy4EUrfp5sSji5IhNySUKhEyaZw85SoOzag/lzsYg=
github.com/palantir/pkg/safelong v1.3.0 h1:0PL39zwIPrGjGaEK1Lg7uqakTakB00dQwVf0LsowW0Q=
github.com/palantir/pkg/safelong v1.3.0/go.mod h1:KEMQTEZfl1BDJA4FWAR6sTKqzgeDVx9zIeFHSggA634=
github.com/palantir/pkg/safeyaml v1.2.0 h1:5IbhlQstu0JC4STfWvLiWex47sFtBHzxjEYbckpjEcY=
github.com/palantir/pkg/safeyaml v1.2.0/go.mod h1:lcCo9iTDCRwrWJS79kF/zY3H8BGbrD+Sdb6TADK4nHI=
github.com/palantir/pkg/transform v1.2.0 h1:ngTydiV5SUG9mfGxkYk1tH3Xi3vsohjqYqW8SxhqjJ0=
github.com/palantir/pkg/transform v1.2.0/go.mod h1:p5lGLs0ah/iyB31ODlWIMp0SZibQV6HxSyJaM1L26dw=
github.com/palantir/pkg/uuid v1.3.0 h1:ubiwfGpl1vTdrVmzXhRc1PVHD8/y60fT1QPwmziCETM=
github.com/palantir/pkg/uuid v1.3.0/go.mod h1:OdOoLEDUu9LHBM2bdvyDXJ2IfH9gorI12ZMaaQu6zIo=
github.com/palantir/witchcraft-go-error v1.42.0 h1:uQlWLAn6MSvj4JkOJeh9rAzPbkflOw1s7O1utVy6giw=
github.com/palantir/witchcraft-go-error v1.42.0/go.mod h1:VGIRpvW3a6tzWMyIM1vwPglDdz5I3Gy5NGxkSYlgSf0=
github.com/palantir/witchcraft-go-logging v1.66.0 h1:RiT07MDVF6xuHQQ4j+AmiaAzcya7HSNuzIkHeyoMhYQ=
github.com/palantir/witchcraft-go-logging v1.66.0/go.mod h1:AgLA8gUdd5WmA47zyiiLSqkt8E0JW1fLCsoStiriIac=
github.com/palantir/witchcraft-go-params v1.39.0 h1:Ucz9wY9CmF7ItG7P0juw3MXp0nCZMR+bR7QPWV/i4O8=
github.com/palantir/witchcraft-go-params v1.39.0/go.mod h1:YzqUGbLRvIEg8NeJMenPouHrWuUmrlylMyJooe5lAWY=
github.com/palantir/witchcraft-go-tracing v1.41.0 h1:L3pZd7lsZR5rBAzWJ/FAyAo79JlQwxB7Uk6NSL7hrOI=
github.com/palantir/witchcraft-go-tracing v1.41.0/go.mod h1:Gx4Rej9xS+vNxZgkbBLZd7sYwUvKhz77kGu5w80ZElc=
github.com/pmezard/go-difflib v1.0.0 h1:4DBwDE0NGyQoBHbLQYPwSUPoCMWR5BEzIk/f1lZbAQM=
github.com/pmezard/go-difflib v1.0.0/go.mod h1:iKH77koFhYxTK1pcRnkKkqfTogsbg7gZNVY4sRDYZ/4=
github.com/rs/zerolog v1.34.0 h1:k43nTLIwcTVQAncfCw4KZ2VY6ukYoZaBPNOE8txlOeY=
github.com/rs/zerolog v1.34.0/go.mod h1:bJsvje4Z08ROH4Nhs5iH600c3IkWhwp44iRc54W6wYQ=
github.com/stretchr/testify v1.11.1 h1:7s2iGBzp5EwR7/aIZr8ao5+dra3wiQyKjjFuvgVKu7U=
github.com/stretchr/testify v1.11.1/go.mod h1:wZwfW3scLgRK+23gO65QZefKpKQRnfz6sD981Nm4B6U=
go.uber.org/multierr v1.11.0 h1:blXXJkSxSSfBVBlC76pxqeO+LN3aDfLQo+309xJstO0=
go.uber.org/multierr v1.11.0/go.mod h1:20+QtiLqy0Nd6FdQB9TLXag12DsQkrbs3htMFfDN80Y=
go.uber.org/zap v1.27.1 h1:08RqriUEv8+ArZRYSTXy1LeBScaMpVSTBhCeaZYfMYc=
go.uber.org/zap v1.27.1/go.mod h1:GB2qFLM7cTU87MWRP2mPIjqfIDnGu+VIO4V/SdhGo2E=
golang.org/x/sys v0.41.0 h1:Ivj+2Cp/ylzLiEU89QhWblYnOE9zerudt9Ftecq2C6k=
golang.org/x/sys v0.41.0/go.mod h1:OgkHotnGiDImocRcuBABYBEXf8A9a87e/uXjp9XT3ks=
gopkg.in/check.v1 v0.0.0-20161208181325-20d25e280405 h1:yhCVgyC4o1eVCa2tZl7eS0r+SDo693bJlVdllGtEeKM=
gopkg.in/check.v1 v0.0.0-20161208181325-20d25e280405/go.mod h1:Co6ibVJAznAaIkqp8huTwlJQCZ016jof/cbN4VW5Yz0=
gopkg.in/yaml.v2 v2.4.0 h1:D8xgwECY7CYvx+Y2n4sBz93Jn9JRvxdiyyo8CTfuKaY=
gopkg.in/yaml.v2 v2.4.0/go.mod h1:RDklbk79AGWmwhnvt/jBztapEOGDOx6ZbXqjP6csGnQ=
gopkg.in/yaml.v3 v3.0.1 h1:fxVm/GzAzEWqLHuvctI91KS9hhNmmWOoWu0XTYJS7CA=
gopkg.in/yaml.v3 v3.0.1/go.mod h1:K4uyk7z7BCEPqu6E+C64Yfv1cQ7kz7rIZviUmN+EgEM=
