github.com/davecgh/go-spew v1.1.1 h1:vj9j/u1bqnvCEfJOwUhtlOARqs3+rkHYY13jYWTU97c=
github.com/davecgh/go-spew v1.1.1/go.mod h1:J7Y8YcW2NihsgmVo/mv3lAwl/skON4iLHjSsI+c5H38=
github.com/go-json-experiment/json v0.0.0-20260601182631-00ed12fed2a6 h1:nxP4pPoyqOAgX8lYDFCfl3DyKeXErCvSvhcyzwGV9CE=
github.com/go-json-experiment/json v0.0.0-20260601182631-00ed12fed2a6/go.mod h1:tphK2c80bpPhMOI4v6bIc2xWywPfbqi1Z06+RcrMkDg=
github.com/palantir/pkg v1.1.0 h1:0EhrSUP8oeeh3MUvk7V/UU7WmsN1UiJNTvNj0sN9Cpo=
github.com/palantir/pkg v1.1.0/go.mod h1:KC9srP/9ssWRxBxFCIqhUGC4Jt7OJkWRz0Iqehup1/c=
github.com/palantir/pkg/bearertoken v1.2.0 h1:atIOrsBH3kwklVr0AAKYMFPRhJgd7JaOGXJd8BJ4c8c=
github.com/palantir/pkg/bearertoken v1.2.0/go.mod h1:6V8UUsd2xJpqGEPqTiNOarUpKLFcX1N6NgPXxZl49eA=
github.com/palantir/pkg/binary v1.2.0 h1:SxZG9I3ZnIv1LEH4ax+ceQPKbTKfIJDltcn17rkbmFk=
github.com/palantir/pkg/binary v1.2.0/go.mod h1:Oun5Pk3zBbSDpwzbeaSSt6H7MPY2JaJvhqBlKr/KI+k=
github.com/palantir/pkg/datetime v1.4.0 h1:yh1j4WZVtHpvK+IsRVuQKbKgJSg7RLRhxmG8QAXPysI=
github.com/palantir/pkg/datetime v1.4.0/go.mod h1:SfUHKWRJRCynkm9SiW86W3iDtkf7mvBDlEJyLg4ayvM=
github.com/palantir/pkg/rid v1.2.0 h1:sEdklNKk4hrDm0JsUyICYakbc+16GrC6pYxMFjfqXkE=
github.com/palantir/pkg/rid v1.2.0/go.mod h1:W+w31R+a/6RzShEybZfbu86sOMcg+hR2h/KmoSDu2kQ=
github.com/palantir/pkg/safelong v1.3.0 h1:0PL39zwIPrGjGaEK1Lg7uqakTakB00dQwVf0LsowW0Q=
github.com/palantir/pkg/safelong v1.3.0/go.mod h1:KEMQTEZfl1BDJA4FWAR6sTKqzgeDVx9zIeFHSggA634=
github.com/palantir/pkg/uuid v1.3.0 h1:ubiwfGpl1vTdrVmzXhRc1PVHD8/y60fT1QPwmziCETM=
github.com/palantir/pkg/uuid v1.3.0/go.mod h1:OdOoLEDUu9LHBM2bdvyDXJ2IfH9gorI12ZMaaQu6zIo=
github.com/palantir/witchcraft-go-error v1.46.0 h1:gthiwObOaPcCgpB95dXrnIPYDPf8OVvOCkYfdsFpdek=
github.com/palantir/witchcraft-go-error v1.46.0/go.mod h1:hcf52XH04l/1YXBBQQL/FJkS/isx90jcL9c67XdwVYc=
github.com/palantir/witchcraft-go-params v1.41.0 h1:kN+8McJpAxO94YFeOXPn4gEfTDi6mtEwCAoxMv13MQQ=
github.com/palantir/witchcraft-go-params v1.41.0/go.mod h1:/Jel4PARd1KSOGsDKtLUemEhtshRTyJYrHxYj2fMQQo=
github.com/pmezard/go-difflib v1.0.0 h1:4DBwDE0NGyQoBHbLQYPwSUPoCMWR5BEzIk/f1lZbAQM=
github.com/pmezard/go-difflib v1.0.0/go.mod h1:iKH77koFhYxTK1pcRnkKkqfTogsbg7gZNVY4sRDYZ/4=
github.com/stretchr/testify v1.11.1 h1:7s2iGBzp5EwR7/aIZr8ao5+dra3wiQyKjjFuvgVKu7U=
github.com/stretchr/testify v1.11.1/go.mod h1:wZwfW3scLgRK+23gO65QZefKpKQRnfz6sD981Nm4B6U=
gopkg.in/check.v1 v0.0.0-20161208181325-20d25e280405 h1:yhCVgyC4o1eVCa2tZl7eS0r+SDo693bJlVdllGtEeKM=
gopkg.in/check.v1 v0.0.0-20161208181325-20d25e280405/go.mod h1:Co6ibVJAznAaIkqp8huTwlJQCZ016jof/cbN4VW5Yz0=
gopkg.in/yaml.v3 v3.0.1 h1:fxVm/GzAzEWqLHuvctI91KS9hhNmmWOoWu0XTYJS7CA=
gopkg.in/yaml.v3 v3.0.1/go.mod h1:K4uyk7z7BCEPqu6E+C64Yfv1cQ7kz7rIZviUmN+EgEM=
